// !$*UTF8*$!
{
	archiveVersion = 1;
	classes = {
	};
	objectVersion = 46;
	objects = {

/* Begin PBXBuildFile section */
		217308711BED202000D5FBA3 /* main.m in Sources */ = {isa = PBXBuildFile; fileRef = 217308701BED202000D5FBA3 /* main.m */; };
		217308741BED202000D5FBA3 /* AppDelegate.m in Sources */ = {isa = PBXBuildFile; fileRef = 217308731BED202000D5FBA3 /* AppDelegate.m */; };
		217308771BED202000D5FBA3 /* BNRHypnosisViewController.m in Sources */ = {isa = PBXBuildFile; fileRef = 217308761BED202000D5FBA3 /* BNRHypnosisViewController.m */; };
		2173087A1BED202000D5FBA3 /* Main.storyboard in Resources */ = {isa = PBXBuildFile; fileRef = 217308781BED202000D5FBA3 /* Main.storyboard */; };
		2173087C1BED202000D5FBA3 /* Assets.xcassets in Resources */ = {isa = PBXBuildFile; fileRef = 2173087B1BED202000D5FBA3 /* Assets.xcassets */; };
		2173087F1BED202000D5FBA3 /* LaunchScreen.storyboard in Resources */ = {isa = PBXBuildFile; fileRef = 2173087D1BED202000D5FBA3 /* LaunchScreen.storyboard */; };
		2173088A1BED202000D5FBA3 /* HypnoNerdTests.m in Sources */ = {isa = PBXBuildFile; fileRef = 217308891BED202000D5FBA3 /* HypnoNerdTests.m */; };
		217308951BED202000D5FBA3 /* HypnoNerdUITests.m in Sources */ = {isa = PBXBuildFile; fileRef = 217308941BED202000D5FBA3 /* HypnoNerdUITests.m */; };
		217308A41BED345300D5FBA3 /* BNRReminderViewController.m in Sources */ = {isa = PBXBuildFile; fileRef = 217308A31BED345300D5FBA3 /* BNRReminderViewController.m */; };
		217308A61BED39BD00D5FBA3 /* BNRReminderViewController.xib in Resources */ = {isa = PBXBuildFile; fileRef = 217308A51BED39BD00D5FBA3 /* BNRReminderViewController.xib */; };
		217308A91BED50D700D5FBA3 /* Hypno.png in Resources */ = {isa = PBXBuildFile; fileRef = 217308A71BED50D700D5FBA3 /* Hypno.png */; };
		217308AA1BED50D700D5FBA3 /* Hypno@2x.png in Resources */ = {isa = PBXBuildFile; fileRef = 217308A81BED50D700D5FBA3 /* Hypno@2x.png */; };
		217308AD1BED50E600D5FBA3 /* Time.png in Resources */ = {isa = PBXBuildFile; fileRef = 217308AB1BED50E600D5FBA3 /* Time.png */; };
		217308AE1BED50E600D5FBA3 /* Time@2x.png in Resources */ = {isa = PBXBuildFile; fileRef = 217308AC1BED50E600D5FBA3 /* Time@2x.png */; };
		217308B11BED552B00D5FBA3 /* BNRHypnosisView.m in Sources */ = {isa = PBXBuildFile; fileRef = 217308B01BED552B00D5FBA3 /* BNRHypnosisView.m */; };
/* End PBXBuildFile section */

/* Begin PBXContainerItemProxy section */
		217308861BED202000D5FBA3 /* PBXContainerItemProxy */ = {
			isa = PBXContainerItemProxy;
			containerPortal = 217308641BED202000D5FBA3 /* Project object */;
			proxyType = 1;
			remoteGlobalIDString = 2173086B1BED202000D5FBA3;
			remoteInfo = HypnoNerd;
		};
		217308911BED202000D5FBA3 /* PBXContainerItemProxy */ = {
			isa = PBXContainerItemProxy;
			containerPortal = 217308641BED202000D5FBA3 /* Project object */;
			proxyType = 1;
			remoteGlobalIDString = 2173086B1BED202000D5FBA3;
			remoteInfo = HypnoNerd;
		};
/* End PBXContainerItemProxy section */

/* Begin PBXFileReference section */
		2173086C1BED202000D5FBA3 /* HypnoNerd.app */ = {isa = PBXFileReference; explicitFileType = wrapper.application; includeInIndex = 0; path = HypnoNerd.app; sourceTree = BUILT_PRODUCTS_DIR; };
		217308701BED202000D5FBA3 /* main.m */ = {isa = PBXFileReference; lastKnownFileType = sourcecode.c.objc; path = main.m; sourceTree = "<group>"; };
		217308721BED202000D5FBA3 /* AppDelegate.h */ = {isa = PBXFileReference; lastKnownFileType = sourcecode.c.h; path = AppDelegate.h; sourceTree = "<group>"; };
		217308731BED202000D5FBA3 /* AppDelegate.m */ = {isa = PBXFileReference; lastKnownFileType = sourcecode.c.objc; path = AppDelegate.m; sourceTree = "<group>"; };
		217308751BED202000D5FBA3 /* BNRHypnosisViewController.h */ = {isa = PBXFileReference; lastKnownFileType = sourcecode.c.h; path = BNRHypnosisViewController.h; sourceTree = "<group>"; };
		217308761BED202000D5FBA3 /* BNRHypnosisViewController.m */ = {isa = PBXFileReference; lastKnownFileType = sourcecode.c.objc; path = BNRHypnosisViewController.m; sourceTree = "<group>"; };
		217308791BED202000D5FBA3 /* Base */ = {isa = PBXFileReference; lastKnownFileType = file.storyboard; name = Base; path = Base.lproj/Main.storyboard; sourceTree = "<group>"; };
		2173087B1BED202000D5FBA3 /* Assets.xcassets */ = {isa = PBXFileReference; lastKnownFileType = folder.assetcatalog; path = Assets.xcassets; sourceTree = "<group>"; };
		2173087E1BED202000D5FBA3 /* Base */ = {isa = PBXFileReference; lastKnownFileType = file.storyboard; name = Base; path = Base.lproj/LaunchScreen.storyboard; sourceTree = "<group>"; };
		217308801BED202000D5FBA3 /* Info.plist */ = {isa = PBXFileReference; lastKnownFileType = text.plist.xml; path = Info.plist; sourceTree = "<group>"; };
		217308851BED202000D5FBA3 /* HypnoNerdTests.xctest */ = {isa = PBXFileReference; explicitFileType = wrapper.cfbundle; includeInIndex = 0; path = HypnoNerdTests.xctest; sourceTree = BUILT_PRODUCTS_DIR; };
		217308891BED202000D5FBA3 /* HypnoNerdTests.m */ = {isa = PBXFileReference; lastKnownFileType = sourcecode.c.objc; path = HypnoNerdTests.m; sourceTree = "<group>"; };
		2173088B1BED202000D5FBA3 /* Info.plist */ = {isa = PBXFileReference; lastKnownFileType = text.plist.xml; path = Info.plist; sourceTree = "<group>"; };
		217308901BED202000D5FBA3 /* HypnoNerdUITests.xctest */ = {isa = PBXFileReference; explicitFileType = wrapper.cfbundle; includeInIndex = 0; path = HypnoNerdUITests.xctest; sourceTree = BUILT_PRODUCTS_DIR; };
		217308941BED202000D5FBA3 /* HypnoNerdUITests.m */ = {isa = PBXFileReference; lastKnownFileType = sourcecode.c.objc; path = HypnoNerdUITests.m; sourceTree = "<group>"; };
		217308961BED202000D5FBA3 /* Info.plist */ = {isa = PBXFileReference; lastKnownFileType = text.plist.xml; path = Info.plist; sourceTree = "<group>"; };
		217308A21BED345300D5FBA3 /* BNRReminderViewController.h */ = {isa = PBXFileReference; fileEncoding = 4; lastKnownFileType = sourcecode.c.h; path = BNRReminderViewController.h; sourceTree = "<group>"; };
		217308A31BED345300D5FBA3 /* BNRReminderViewController.m */ = {isa = PBXFileReference; fileEncoding = 4; lastKnownFileType = sourcecode.c.objc; path = BNRReminderViewController.m; sourceTree = "<group>"; };
		217308A51BED39BD00D5FBA3 /* BNRReminderViewController.xib */ = {isa = PBXFileReference; fileEncoding = 4; lastKnownFileType = file.xib; path = BNRReminderViewController.xib; sourceTree = "<group>"; };
		217308A71BED50D700D5FBA3 /* Hypno.png */ = {isa = PBXFileReference; lastKnownFileType = image.png; path = Hypno.png; sourceTree = "<group>"; };
		217308A81BED50D700D5FBA3 /* Hypno@2x.png */ = {isa = PBXFileReference; lastKnownFileType = image.png; path = "Hypno@2x.png"; sourceTree = "<group>"; };
		217308AB1BED50E600D5FBA3 /* Time.png */ = {isa = PBXFileReference; lastKnownFileType = image.png; path = Time.png; sourceTree = "<group>"; };
		217308AC1BED50E600D5FBA3 /* Time@2x.png */ = {isa = PBXFileReference; lastKnownFileType = image.png; path = "Time@2x.png"; sourceTree = "<group>"; };
		217308AF1BED552B00D5FBA3 /* BNRHypnosisView.h */ = {isa = PBXFileReference; fileEncoding = 4; lastKnownFileType = sourcecode.c.h; path = BNRHypnosisView.h; sourceTree = "<group>"; };
		217308B01BED552B00D5FBA3 /* BNRHypnosisView.m */ = {isa = PBXFileReference; fileEncoding = 4; lastKnownFileType = sourcecode.c.objc; path = BNRHypnosisView.m; sourceTree = "<group>"; };
/* End PBXFileReference section */

/* Begin PBXFrameworksBuildPhase section */
		217308691BED202000D5FBA3 /* Frameworks */ = {
			isa = PBXFrameworksBuildPhase;
			buildActionMask = 2147483647;
			files = (
			);
			runOnlyForDeploymentPostprocessing = 0;
		};
		217308821BED202000D5FBA3 /* Frameworks */ = {
			isa = PBXFrameworksBuildPhase;
			buildActionMask = 2147483647;
			files = (
			);
			runOnlyForDeploymentPostprocessing = 0;
		};
		2173088D1BED202000D5FBA3 /* Frameworks */ = {
			isa = PBXFrameworksBuildPhase;
			buildActionMask = 2147483647;
			files = (
			);
			runOnlyForDeploymentPostprocessing = 0;
		};
/* End PBXFrameworksBuildPhase section */

/* Begin PBXGroup section */
		217308631BED202000D5FBA3 = {
			isa = PBXGroup;
			children = (
				2173086E1BED202000D5FBA3 /* HypnoNerd */,
				217308881BED202000D5FBA3 /* HypnoNerdTests */,
				217308931BED202000D5FBA3 /* HypnoNerdUITests */,
				2173086D1BED202000D5FBA3 /* Products */,
			);
			sourceTree = "<group>";
		};
		2173086D1BED202000D5FBA3 /* Products */ = {
			isa = PBXGroup;
			children = (
				2173086C1BED202000D5FBA3 /* HypnoNerd.app */,
				217308851BED202000D5FBA3 /* HypnoNerdTests.xctest */,
				217308901BED202000D5FBA3 /* HypnoNerdUITests.xctest */,
			);
			name = Products;
			sourceTree = "<group>";
		};
		2173086E1BED202000D5FBA3 /* HypnoNerd */ = {
			isa = PBXGroup;
			children = (
				217308AB1BED50E600D5FBA3 /* Time.png */,
				217308AC1BED50E600D5FBA3 /* Time@2x.png */,
				217308A71BED50D700D5FBA3 /* Hypno.png */,
				217308A81BED50D700D5FBA3 /* Hypno@2x.png */,
				217308721BED202000D5FBA3 /* AppDelegate.h */,
				217308731BED202000D5FBA3 /* AppDelegate.m */,
				217308AF1BED552B00D5FBA3 /* BNRHypnosisView.h */,
				217308B01BED552B00D5FBA3 /* BNRHypnosisView.m */,
				217308751BED202000D5FBA3 /* BNRHypnosisViewController.h */,
				217308761BED202000D5FBA3 /* BNRHypnosisViewController.m */,
				217308A21BED345300D5FBA3 /* BNRReminderViewController.h */,
				217308A31BED345300D5FBA3 /* BNRReminderViewController.m */,
				217308781BED202000D5FBA3 /* Main.storyboard */,
				2173087B1BED202000D5FBA3 /* Assets.xcassets */,
				2173087D1BED202000D5FBA3 /* LaunchScreen.storyboard */,
				217308801BED202000D5FBA3 /* Info.plist */,
				2173086F1BED202000D5FBA3 /* Supporting Files */,
				217308A51BED39BD00D5FBA3 /* BNRReminderViewController.xib */,
			);
			path = HypnoNerd;
			sourceTree = "<group>";
		};
		2173086F1BED202000D5FBA3 /* Supporting Files */ = {
			isa = PBXGroup;
			children = (
				217308701BED202000D5FBA3 /* main.m */,
			);
			name = "Supporting Files";
			sourceTree = "<group>";
		};
		217308881BED202000D5FBA3 /* HypnoNerdTests */ = {
			isa = PBXGroup;
			children = (
				217308891BED202000D5FBA3 /* HypnoNerdTests.m */,
				2173088B1BED202000D5FBA3 /* Info.plist */,
			);
			path = HypnoNerdTests;
			sourceTree = "<group>";
		};
		217308931BED202000D5FBA3 /* HypnoNerdUITests */ = {
			isa = PBXGroup;
			children = (
				217308941BED202000D5FBA3 /* HypnoNerdUITests.m */,
				217308961BED202000D5FBA3 /* Info.plist */,
			);
			path = HypnoNerdUITests;
			sourceTree = "<group>";
		};
/* End PBXGroup section */

/* Begin PBXNativeTarget section */
		2173086B1BED202000D5FBA3 /* HypnoNerd */ = {
			isa = PBXNativeTarget;
			buildConfigurationList = 217308991BED202000D5FBA3 /* Build configuration list for PBXNativeTarget "HypnoNerd" */;
			buildPhases = (
				217308681BED202000D5FBA3 /* Sources */,
				217308691BED202000D5FBA3 /* Frameworks */,
				2173086A1BED202000D5FBA3 /* Resources */,
			);
			buildRules = (
			);
			dependencies = (
			);
			name = HypnoNerd;
			productName = HypnoNerd;
			productReference = 2173086C1BED202000D5FBA3 /* HypnoNerd.app */;
			productType = "com.apple.product-type.application";
		};
		217308841BED202000D5FBA3 /* HypnoNerdTests */ = {
			isa = PBXNativeTarget;
			buildConfigurationList = 2173089C1BED202000D5FBA3 /* Build configuration list for PBXNativeTarget "HypnoNerdTests" */;
			buildPhases = (
				217308811BED202000D5FBA3 /* Sources */,
				217308821BED202000D5FBA3 /* Frameworks */,
				217308831BED202000D5FBA3 /* Resources */,
			);
			buildRules = (
			);
			dependencies = (
				217308871BED202000D5FBA3 /* PBXTargetDependency */,
			);
			name = HypnoNerdTests;
			productName = HypnoNerdTests;
			productReference = 217308851BED202000D5FBA3 /* HypnoNerdTests.xctest */;
			productType = "com.apple.product-type.bundle.unit-test";
		};
		2173088F1BED202000D5FBA3 /* HypnoNerdUITests */ = {
			isa = PBXNativeTarget;
			buildConfigurationList = 2173089F1BED202000D5FBA3 /* Build configuration list for PBXNativeTarget "HypnoNerdUITests" */;
			buildPhases = (
				2173088C1BED202000D5FBA3 /* Sources */,
				2173088D1BED202000D5FBA3 /* Frameworks */,
				2173088E1BED202000D5FBA3 /* Resources */,
			);
			buildRules = (
			);
			dependencies = (
				217308921BED202000D5FBA3 /* PBXTargetDependency */,
			);
			name = HypnoNerdUITests;
			productName = HypnoNerdUITests;
			productReference = 217308901BED202000D5FBA3 /* HypnoNerdUITests.xctest */;
			productType = "com.apple.product-type.bundle.ui-testing";
		};
/* End PBXNativeTarget section */

/* Begin PBXProject section */
		217308641BED202000D5FBA3 /* Project object */ = {
			isa = PBXProject;
			attributes = {
				LastUpgradeCheck = 0710;
				ORGANIZATIONNAME = "Sergey Rybalko";
				TargetAttributes = {
					2173086B1BED202000D5FBA3 = {
						CreatedOnToolsVersion = 7.1;
					};
					217308841BED202000D5FBA3 = {
						CreatedOnToolsVersion = 7.1;
						TestTargetID = 2173086B1BED202000D5FBA3;
					};
					2173088F1BED202000D5FBA3 = {
						CreatedOnToolsVersion = 7.1;
						TestTargetID = 2173086B1BED202000D5FBA3;
					};
				};
			};
			buildConfigurationList = 217308671BED202000D5FBA3 /* Build configuration list for PBXProject "HypnoNerd" */;
			compatibilityVersion = "Xcode 3.2";
			developmentRegion = English;
			hasScannedForEncodings = 0;
			knownRegions = (
				en,
				Base,
			);
			mainGroup = 217308631BED202000D5FBA3;
			productRefGroup = 2173086D1BED202000D5FBA3 /* Products */;
			projectDirPath = "";
			projectRoot = "";
			targets = (
				2173086B1BED202000D5FBA3 /* HypnoNerd */,
				217308841BED202000D5FBA3 /* HypnoNerdTests */,
				2173088F1BED202000D5FBA3 /* HypnoNerdUITests */,
			);
		};
/* End PBXProject section */

/* Begin PBXResourcesBuildPhase section */
		2173086A1BED202000D5FBA3 /* Resources */ = {
			isa = PBXResourcesBuildPhase;
			buildActionMask = 2147483647;
			files = (
				2173087F1BED202000D5FBA3 /* LaunchScreen.storyboard in Resources */,
				217308A61BED39BD00D5FBA3 /* BNRReminderViewController.xib in Resources */,
				217308AD1BED50E600D5FBA3 /* Time.png in Resources */,
				2173087C1BED202000D5FBA3 /* Assets.xcassets in Resources */,
				217308AA1BED50D700D5FBA3 /* Hypno@2x.png in Resources */,
				2173087A1BED202000D5FBA3 /* Main.storyboard in Resources */,
				217308A91BED50D700D5FBA3 /* Hypno.png in Resources */,
				217308AE1BED50E600D5FBA3 /* Time@2x.png in Resources */,
			);
			runOnlyForDeploymentPostprocessing = 0;
		};
		217308831BED202000D5FBA3 /* Resources */ = {
			isa = PBXResourcesBuildPhase;
			buildActionMask = 2147483647;
			files = (
			);
			runOnlyForDeploymentPostprocessing = 0;
		};
		2173088E1BED202000D5FBA3 /* Resources */ = {
			isa = PBXResourcesBuildPhase;
			buildActionMask = 2147483647;
			files = (
			);
			runOnlyForDeploymentPostprocessing = 0;
		};
/* End PBXResourcesBuildPhase section */

/* Begin PBXSourcesBuildPhase section */
		217308681BED202000D5FBA3 /* Sources */ = {
			isa = PBXSourcesBuildPhase;
			buildActionMask = 2147483647;
			files = (
				217308771BED202000D5FBA3 /* BNRHypnosisViewController.m in Sources */,
				217308A41BED345300D5FBA3 /* BNRReminderViewController.m in Sources */,
				217308741BED202000D5FBA3 /* AppDelegate.m in Sources */,
				217308B11BED552B00D5FBA3 /* BNRHypnosisView.m in Sources */,
				217308711BED202000D5FBA3 /* main.m in Sources */,
			);
			runOnlyForDeploymentPostprocessing = 0;
		};
		217308811BED202000D5FBA3 /* Sources */ = {
			isa = PBXSourcesBuildPhase;
			buildActionMask = 2147483647;
			files = (
				2173088A1BED202000D5FBA3 /* HypnoNerdTests.m in Sources */,
			);
			runOnlyForDeploymentPostprocessing = 0;
		};
		2173088C1BED202000D5FBA3 /* Sources */ = {
			isa = PBXSourcesBuildPhase;
			buildActionMask = 2147483647;
			files = (
				217308951BED202000D5FBA3 /* HypnoNerdUITests.m in Sources */,
			);
			runOnlyForDeploymentPostprocessing = 0;
		};
/* End PBXSourcesBuildPhase section */

/* Begin PBXTargetDependency section */
		217308871BED202000D5FBA3 /* PBXTargetDependency */ = {
			isa = PBXTargetDependency;
			target = 2173086B1BED202000D5FBA3 /* HypnoNerd */;
			targetProxy = 217308861BED202000D5FBA3 /* PBXContainerItemProxy */;
		};
		217308921BED202000D5FBA3 /* PBXTargetDependency */ = {
			isa = PBXTargetDependency;
			target = 2173086B1BED202000D5FBA3 /* HypnoNerd */;
			targetProxy = 217308911BED202000D5FBA3 /* PBXContainerItemProxy */;
		};
/* End PBXTargetDependency section */

/* Begin PBXVariantGroup section */
		217308781BED202000D5FBA3 /* Main.storyboard */ = {
			isa = PBXVariantGroup;
			children = (
				217308791BED202000D5FBA3 /* Base */,
			);
			name = Main.storyboard;
			sourceTree = "<group>";
		};
		2173087D1BED202000D5FBA3 /* LaunchScreen.storyboard */ = {
			isa = PBXVariantGroup;
			children = (
				2173087E1BED202000D5FBA3 /* Base */,
			);
			name = LaunchScreen.storyboard;
			sourceTree = "<group>";
		};
/* End PBXVariantGroup section */

/* Begin XCBuildConfiguration section */
		217308971BED202000D5FBA3 /* Debug */ = {
			isa = XCBuildConfiguration;
			buildSettings = {
				ALWAYS_SEARCH_USER_PATHS = NO;
				CLANG_CXX_LANGUAGE_STANDARD = "gnu++0x";
				CLANG_CXX_LIBRARY = "libc++";
				CLANG_ENABLE_MODULES = YES;
				CLANG_ENABLE_OBJC_ARC = YES;
				CLANG_WARN_BOOL_CONVERSION = YES;
				CLANG_WARN_CONSTANT_CONVERSION = YES;
				CLANG_WARN_DIRECT_OBJC_ISA_USAGE = YES_ERROR;
				CLANG_WARN_EMPTY_BODY = YES;
				CLANG_WARN_ENUM_CONVERSION = YES;
				CLANG_WARN_INT_CONVERSION = YES;
				CLANG_WARN_OBJC_ROOT_CLASS = YES_ERROR;
				CLANG_WARN_UNREACHABLE_CODE = YES;
				CLANG_WARN__DUPLICATE_METHOD_MATCH = YES;
				"CODE_SIGN_IDENTITY[sdk=iphoneos*]" = "iPhone Developer";
				COPY_PHASE_STRIP = NO;
				DEBUG_INFORMATION_FORMAT = dwarf;
				ENABLE_STRICT_OBJC_MSGSEND = YES;
				ENABLE_TESTABILITY = YES;
				GCC_C_LANGUAGE_STANDARD = gnu99;
				GCC_DYNAMIC_NO_PIC = NO;
				GCC_NO_COMMON_BLOCKS = YES;
				GCC_OPTIMIZATION_LEVEL = 0;
				GCC_PREPROCESSOR_DEFINITIONS = (
					"DEBUG=1",
					"$(inherited)",
				);
				GCC_WARN_64_TO_32_BIT_CONVERSION = YES;
				GCC_WARN_ABOUT_RETURN_TYPE = YES_ERROR;
				GCC_WARN_UNDECLARED_SELECTOR = YES;
				GCC_WARN_UNINITIALIZED_AUTOS = YES_AGGRESSIVE;
				GCC_WARN_UNUSED_FUNCTION = YES;
				GCC_WARN_UNUSED_VARIABLE = YES;
				IPHONEOS_DEPLOYMENT_TARGET = 9.1;
				MTL_ENABLE_DEBUG_INFO = YES;
				ONLY_ACTIVE_ARCH = YES;
				SDKROOT = iphoneos;
				TARGETED_DEVICE_FAMILY = "1,2";
			};
			name = Debug;
		};
		217308981BED202000D5FBA3 /* Release */ = {
			isa = XCBuildConfiguration;
			buildSettings = {
				ALWAYS_SEARCH_USER_PATHS = NO;
				CLANG_CXX_LANGUAGE_STANDARD = "gnu++0x";
				CLANG_CXX_LIBRARY = "libc++";
				CLANG_ENABLE_MODULES = YES;
				CLANG_ENABLE_OBJC_ARC = YES;
				CLANG_WARN_BOOL_CONVERSION = YES;
				CLANG_WARN_CONSTANT_CONVERSION = YES;
				CLANG_WARN_DIRECT_OBJC_ISA_USAGE = YES_ERROR;
				CLANG_WARN_EMPTY_BODY = YES;
				CLANG_WARN_ENUM_CONVERSION = YES;
				CLANG_WARN_INT_CONVERSION = YES;
				CLANG_WARN_OBJC_ROOT_CLASS = YES_ERROR;
				CLANG_WARN_UNREACHABLE_CODE = YES;
				CLANG_WARN__DUPLICATE_METHOD_MATCH = YES;
				"CODE_SIGN_IDENTITY[sdk=iphoneos*]" = "iPhone Developer";
				COPY_PHASE_STRIP = NO;
				DEBUG_INFORMATION_FORMAT = "dwarf-with-dsym";
				ENABLE_NS_ASSERTIONS = NO;
				ENABLE_STRICT_OBJC_MSGSEND = YES;
				GCC_C_LANGUAGE_STANDARD = gnu99;
				GCC_NO_COMMON_BLOCKS = YES;
				GCC_WARN_64_TO_32_BIT_CONVERSION = YES;
				GCC_WARN_ABOUT_RETURN_TYPE = YES_ERROR;
				GCC_WARN_UNDECLARED_SELECTOR = YES;
				GCC_WARN_UNINITIALIZED_AUTOS = YES_AGGRESSIVE;
				GCC_WARN_UNUSED_FUNCTION = YES;
				GCC_WARN_UNUSED_VARIABLE = YES;
				IPHONEOS_DEPLOYMENT_TARGET = 9.1;
				MTL_ENABLE_DEBUG_INFO = NO;
				SDKROOT = iphoneos;
				TARGETED_DEVICE_FAMILY = "1,2";
				VALIDATE_PRODUCT = YES;
			};
			name = Release;
		};
		2173089A1BED202000D5FBA3 /* Debug */ = {
			isa = XCBuildConfiguration;
			buildSettings = {
				ASSETCATALOG_COMPILER_APPICON_NAME = AppIcon;
				INFOPLIST_FILE = HypnoNerd/Info.plist;
				LD_RUNPATH_SEARCH_PATHS = "$(inherited) @executable_path/Frameworks";
				PRODUCT_BUNDLE_IDENTIFIER = Home.HypnoNerd;
				PRODUCT_NAME = "$(TARGET_NAME)";
			};
			name = Debug;
		};
		2173089B1BED202000D5FBA3 /* Release */ = {
			isa = XCBuildConfiguration;
			buildSettings = {
				ASSETCATALOG_COMPILER_APPICON_NAME = AppIcon;
				INFOPLIST_FILE = HypnoNerd/Info.plist;
				LD_RUNPATH_SEARCH_PATHS = "$(inherited) @executable_path/Frameworks";
				PRODUCT_BUNDLE_IDENTIFIER = Home.HypnoNerd;
				PRODUCT_NAME = "$(TARGET_NAME)";
			};
			name = Release;
		};
		2173089D1BED202000D5FBA3 /* Debug */ = {
			isa = XCBuildConfiguration;
			buildSettings = {
				BUNDLE_LOADER = "$(TEST_HOST)";
				INFOPLIST_FILE = HypnoNerdTests/Info.plist;
				LD_RUNPATH_SEARCH_PATHS = "$(inherited) @executable_path/Frameworks @loader_path/Frameworks";
				PRODUCT_BUNDLE_IDENTIFIER = Home.HypnoNerdTests;
				PRODUCT_NAME = "$(TARGET_NAME)";
				TEST_HOST = "$(BUILT_PRODUCTS_DIR)/HypnoNerd.app/HypnoNerd";
			};
			name = Debug;
		};
		2173089E1BED202000D5FBA3 /* Release */ = {
			isa = XCBuildConfiguration;
			buildSettings = {
				BUNDLE_LOADER = "$(TEST_HOST)";
				INFOPLIST_FILE = HypnoNerdTests/Info.plist;
				LD_RUNPATH_SEARCH_PATHS = "$(inherited) @executable_path/Frameworks @loader_path/Frameworks";
				PRODUCT_BUNDLE_IDENTIFIER = Home.HypnoNerdTests;
				PRODUCT_NAME = "$(TARGET_NAME)";
				TEST_HOST = "$(BUILT_PRODUCTS_DIR)/HypnoNerd.app/HypnoNerd";
			};
			name = Release;
		};
		217308A01BED202000D5FBA3 /* Debug */ = {
			isa = XCBuildConfiguration;
			buildSettings = {
				INFOPLIST_FILE = HypnoNerdUITests/Info.plist;
				LD_RUNPATH_SEARCH_PATHS = "$(inherited) @executable_path/Frameworks @loader_path/Frameworks";
				PRODUCT_BUNDLE_IDENTIFIER = Home.HypnoNerdUITests;
				PRODUCT_NAME = "$(TARGET_NAME)";
				TEST_TARGET_NAME = HypnoNerd;
				USES_XCTRUNNER = YES;
			};
			name = Debug;
		};
		217308A11BED202000D5FBA3 /* Release */ = {
			isa = XCBuildConfiguration;
			buildSettings = {
				INFOPLIST_FILE = HypnoNerdUITests/Info.plist;
				LD_RUNPATH_SEARCH_PATHS = "$(inherited) @executable_path/Frameworks @loader_path/Frameworks";
				PRODUCT_BUNDLE_IDENTIFIER = Home.HypnoNerdUITests;
				PRODUCT_NAME = "$(TARGET_NAME)";
				TEST_TARGET_NAME = HypnoNerd;
				USES_XCTRUNNER = YES;
			};
			name = Release;
		};
/* End XCBuildConfiguration section */

/* Begin XCConfigurationList section */
		217308671BED202000D5FBA3 /* Build configuration list for PBXProject "HypnoNerd" */ = {
			isa = XCConfigurationList;
			buildConfigurations = (
				217308971BED202000D5FBA3 /* Debug */,
				217308981BED202000D5FBA3 /* Release */,
			);
			defaultConfigurationIsVisible = 0;
			defaultConfigurationName = Release;
		};
		217308991BED202000D5FBA3 /* Build configuration list for PBXNativeTarget "HypnoNerd" */ = {
			isa = XCConfigurationList;
			buildConfigurations = (
				2173089A1BED202000D5FBA3 /* Debug */,
				2173089B1BED202000D5FBA3 /* Release */,
			);
			defaultConfigurationIsVisible = 0;
		};
		2173089C1BED202000D5FBA3 /* Build configuration list for PBXNativeTarget "HypnoNerdTests" */ = {
			isa = XCConfigurationList;
			buildConfigurations = (
				2173089D1BED202000D5FBA3 /* Debug */,
				2173089E1BED202000D5FBA3 /* Release */,
			);
			defaultConfigurationIsVisible = 0;
		};
		2173089F1BED202000D5FBA3 /* Build configuration list for PBXNativeTarget "HypnoNerdUITests" */ = {
			isa = XCConfigurationList;
			buildConfigurations = (
				217308A01BED202000D5FBA3 /* Debug */,
				217308A11BED202000D5FBA3 /* Release */,
			);
			defaultConfigurationIsVisible = 0;
		};
/* End XCConfigurationList section */
	};
	rootObject = 217308641BED202000D5FBA3 /* Project object */;
}
